// !$*UTF8*$!
{
	archiveVersion = 1;
	classes = {
	};
	objectVersion = 55;
	objects = {

/* Begin PBXBuildFile section */
		7CA62864273A0B3500D53F7F /* AppDelegate.swift in Sources */ = {isa = PBXBuildFile; fileRef = 7CA62863273A0B3500D53F7F /* AppDelegate.swift */; };
		7CA62866273A0B3500D53F7F /* SceneDelegate.swift in Sources */ = {isa = PBXBuildFile; fileRef = 7CA62865273A0B3500D53F7F /* SceneDelegate.swift */; };
		7CA62868273A0B3500D53F7F /* ViewController.swift in Sources */ = {isa = PBXBuildFile; fileRef = 7CA62867273A0B3500D53F7F /* ViewController.swift */; };
		7CA6286B273A0B3500D53F7F /* Main.storyboard in Resources */ = {isa = PBXBuildFile; fileRef = 7CA62869273A0B3500D53F7F /* Main.storyboard */; };
		7CA6286D273A0B3600D53F7F /* Assets.xcassets in Resources */ = {isa = PBXBuildFile; fileRef = 7CA6286C273A0B3600D53F7F /* Assets.xcassets */; };
		7CA62870273A0B3600D53F7F /* LaunchScreen.storyboard in Resources */ = {isa = PBXBuildFile; fileRef = 7CA6286E273A0B3600D53F7F /* LaunchScreen.storyboard */; };
		7CA6287B273A0B3600D53F7F /* _AbstractFactoryTests.swift in Sources */ = {isa = PBXBuildFile; fileRef = 7CA6287A273A0B3600D53F7F /* _AbstractFactoryTests.swift */; };
		7CA62885273A0B3600D53F7F /* _AbstractFactoryUITests.swift in Sources */ = {isa = PBXBuildFile; fileRef = 7CA62884273A0B3600D53F7F /* _AbstractFactoryUITests.swift */; };
		7CA62887273A0B3600D53F7F /* _AbstractFactoryUITestsLaunchTests.swift in Sources */ = {isa = PBXBuildFile; fileRef = 7CA62886273A0B3600D53F7F /* _AbstractFactoryUITestsLaunchTests.swift */; };
		7CF17C02273A0D16002F16B3 /* AbstractFactory.swift in Sources */ = {isa = PBXBuildFile; fileRef = 7CF17C01273A0D16002F16B3 /* AbstractFactory.swift */; };
		7CF17C04273A14F9002F16B3 /* AbstractFacotoryExample.swift in Sources */ = {isa = PBXBuildFile; fileRef = 7CF17C03273A14F9002F16B3 /* AbstractFacotoryExample.swift */; };
/* End PBXBuildFile section */

/* Begin PBXContainerItemProxy section */
		7CA62877273A0B3600D53F7F /* PBXContainerItemProxy */ = {
			isa = PBXContainerItemProxy;
			containerPortal = 7CA62858273A0B3500D53F7F /* Project object */;
			proxyType = 1;
			remoteGlobalIDString = 7CA6285F273A0B3500D53F7F;
			remoteInfo = 3AbstractFactory;
		};
		7CA62881273A0B3600D53F7F /* PBXContainerItemProxy */ = {
			isa = PBXContainerItemProxy;
			containerPortal = 7CA62858273A0B3500D53F7F /* Project object */;
			proxyType = 1;
			remoteGlobalIDString = 7CA6285F273A0B3500D53F7F;
			remoteInfo = 3AbstractFactory;
		};
/* End PBXContainerItemProxy section */

/* Begin PBXFileReference section */
		7CA62860273A0B3500D53F7F /* 3AbstractFactory.app */ = {isa = PBXFileReference; explicitFileType = wrapper.application; includeInIndex = 0; path = 3AbstractFactory.app; sourceTree = BUILT_PRODUCTS_DIR; };
		7CA62863273A0B3500D53F7F /* AppDelegate.swift */ = {isa = PBXFileReference; lastKnownFileType = sourcecode.swift; path = AppDelegate.swift; sourceTree = "<group>"; };
		7CA62865273A0B3500D53F7F /* SceneDelegate.swift */ = {isa = PBXFileReference; lastKnownFileType = sourcecode.swift; path = SceneDelegate.swift; sourceTree = "<group>"; };
		7CA62867273A0B3500D53F7F /* ViewController.swift */ = {isa = PBXFileReference; lastKnownFileType = sourcecode.swift; path = ViewController.swift; sourceTree = "<group>"; };
		7CA6286A273A0B3500D53F7F /* Base */ = {isa = PBXFileReference; lastKnownFileType = file.storyboard; name = Base; path = Base.lproj/Main.storyboard; sourceTree = "<group>"; };
		7CA6286C273A0B3600D53F7F /* Assets.xcassets */ = {isa = PBXFileReference; lastKnownFileType = folder.assetcatalog; path = Assets.xcassets; sourceTree = "<group>"; };
		7CA6286F273A0B3600D53F7F /* Base */ = {isa = PBXFileReference; lastKnownFileType = file.storyboard; name = Base; path = Base.lproj/LaunchScreen.storyboard; sourceTree = "<group>"; };
		7CA62871273A0B3600D53F7F /* Info.plist */ = {isa = PBXFileReference; lastKnownFileType = text.plist.xml; path = Info.plist; sourceTree = "<group>"; };
		7CA62876273A0B3600D53F7F /* 3AbstractFactoryTests.xctest */ = {isa = PBXFileReference; explicitFileType = wrapper.cfbundle; includeInIndex = 0; path = 3AbstractFactoryTests.xctest; sourceTree = BUILT_PRODUCTS_DIR; };
		7CA6287A273A0B3600D53F7F /* _AbstractFactoryTests.swift */ = {isa = PBXFileReference; lastKnownFileType = sourcecode.swift; path = _AbstractFactoryTests.swift; sourceTree = "<group>"; };
		7CA62880273A0B3600D53F7F /* 3AbstractFactoryUITests.xctest */ = {isa = PBXFileReference; explicitFileType = wrapper.cfbundle; includeInIndex = 0; path = 3AbstractFactoryUITests.xctest; sourceTree = BUILT_PRODUCTS_DIR; };
		7CA62884273A0B3600D53F7F /* _AbstractFactoryUITests.swift */ = {isa = PBXFileReference; lastKnownFileType = sourcecode.swift; path = _AbstractFactoryUITests.swift; sourceTree = "<group>"; };
		7CA62886273A0B3600D53F7F /* _AbstractFactoryUITestsLaunchTests.swift */ = {isa = PBXFileReference; lastKnownFileType = sourcecode.swift; path = _AbstractFactoryUITestsLaunchTests.swift; sourceTree = "<group>"; };
		7CF17C01273A0D16002F16B3 /* AbstractFactory.swift */ = {isa = PBXFileReference; lastKnownFileType = sourcecode.swift; path = AbstractFactory.swift; sourceTree = "<group>"; };
		7CF17C03273A14F9002F16B3 /* AbstractFacotoryExample.swift */ = {isa = PBXFileReference; lastKnownFileType = sourcecode.swift; path = AbstractFacotoryExample.swift; sourceTree = "<group>"; };
/* End PBXFileReference section */

/* Begin PBXFrameworksBuildPhase section */
		7CA6285D273A0B3500D53F7F /* Frameworks */ = {
			isa = PBXFrameworksBuildPhase;
			buildActionMask = 2147483647;
			files = (
			);
			runOnlyForDeploymentPostprocessing = 0;
		};
		7CA62873273A0B3600D53F7F /* Frameworks */ = {
			isa = PBXFrameworksBuildPhase;
			buildActionMask = 2147483647;
			files = (
			);
			runOnlyForDeploymentPostprocessing = 0;
		};
		7CA6287D273A0B3600D53F7F /* Frameworks */ = {
			isa = PBXFrameworksBuildPhase;
			buildActionMask = 2147483647;
			files = (
			);
			runOnlyForDeploymentPostprocessing = 0;
		};
/* End PBXFrameworksBuildPhase section */

/* Begin PBXGroup section */
		7CA62857273A0B3500D53F7F = {
			isa = PBXGroup;
			children = (
				7CA62862273A0B3500D53F7F /* 3AbstractFactory */,
				7CA62879273A0B3600D53F7F /* 3AbstractFactoryTests */,
				7CA62883273A0B3600D53F7F /* 3AbstractFactoryUITests */,
				7CA62861273A0B3500D53F7F /* Products */,
			);
			sourceTree = "<group>";
		};
		7CA62861273A0B3500D53F7F /* Products */ = {
			isa = PBXGroup;
			children = (
				7CA62860273A0B3500D53F7F /* 3AbstractFactory.app */,
				7CA62876273A0B3600D53F7F /* 3AbstractFactoryTests.xctest */,
				7CA62880273A0B3600D53F7F /* 3AbstractFactoryUITests.xctest */,
			);
			name = Products;
			sourceTree = "<group>";
		};
		7CA62862273A0B3500D53F7F /* 3AbstractFactory */ = {
			isa = PBXGroup;
			children = (
				7CA62863273A0B3500D53F7F /* AppDelegate.swift */,
				7CA62865273A0B3500D53F7F /* SceneDelegate.swift */,
				7CA62867273A0B3500D53F7F /* ViewController.swift */,
				7CF17C01273A0D16002F16B3 /* AbstractFactory.swift */,
				7CF17C03273A14F9002F16B3 /* AbstractFacotoryExample.swift */,
				7CA62869273A0B3500D53F7F /* Main.storyboard */,
				7CA6286C273A0B3600D53F7F /* Assets.xcassets */,
				7CA6286E273A0B3600D53F7F /* LaunchScreen.storyboard */,
				7CA62871273A0B3600D53F7F /* Info.plist */,
			);
			path = 3AbstractFactory;
			sourceTree = "<group>";
		};
		7CA62879273A0B3600D53F7F /* 3AbstractFactoryTests */ = {
			isa = PBXGroup;
			children = (
				7CA6287A273A0B3600D53F7F /* _AbstractFactoryTests.swift */,
			);
			path = 3AbstractFactoryTests;
			sourceTree = "<group>";
		};
		7CA62883273A0B3600D53F7F /* 3AbstractFactoryUITests */ = {
			isa = PBXGroup;
			children = (
				7CA62884273A0B3600D53F7F /* _AbstractFactoryUITests.swift */,
				7CA62886273A0B3600D53F7F /* _AbstractFactoryUITestsLaunchTests.swift */,
			);
			path = 3AbstractFactoryUITests;
			sourceTree = "<group>";
		};
/* End PBXGroup section */

/* Begin PBXNativeTarget section */
		7CA6285F273A0B3500D53F7F /* 3AbstractFactory */ = {
			isa = PBXNativeTarget;
			buildConfigurationList = 7CA6288A273A0B3600D53F7F /* Build configuration list for PBXNativeTarget "3AbstractFactory" */;
			buildPhases = (
				7CA6285C273A0B3500D53F7F /* Sources */,
				7CA6285D273A0B3500D53F7F /* Frameworks */,
				7CA6285E273A0B3500D53F7F /* Resources */,
			);
			buildRules = (
			);
			dependencies = (
			);
			name = 3AbstractFactory;
			productName = 3AbstractFactory;
			productReference = 7CA62860273A0B3500D53F7F /* 3AbstractFactory.app */;
			productType = "com.apple.product-type.application";
		};
		7CA62875273A0B3600D53F7F /* 3AbstractFactoryTests */ = {
			isa = PBXNativeTarget;
			buildConfigurationList = 7CA6288D273A0B3600D53F7F /* Build configuration list for PBXNativeTarget "3AbstractFactoryTests" */;
			buildPhases = (
				7CA62872273A0B3600D53F7F /* Sources */,
				7CA62873273A0B3600D53F7F /* Frameworks */,
				7CA62874273A0B3600D53F7F /* Resources */,
			);
			buildRules = (
			);
			dependencies = (
				7CA62878273A0B3600D53F7F /* PBXTargetDependency */,
			);
			name = 3AbstractFactoryTests;
			productName = 3AbstractFactoryTests;
			productReference = 7CA62876273A0B3600D53F7F /* 3AbstractFactoryTests.xctest */;
			productType = "com.apple.product-type.bundle.unit-test";
		};
		7CA6287F273A0B3600D53F7F /* 3AbstractFactoryUITests */ = {
			isa = PBXNativeTarget;
			buildConfigurationList = 7CA62890273A0B3600D53F7F /* Build configuration list for PBXNativeTarget "3AbstractFactoryUITests" */;
			buildPhases = (
				7CA6287C273A0B3600D53F7F /* Sources */,
				7CA6287D273A0B3600D53F7F /* Frameworks */,
				7CA6287E273A0B3600D53F7F /* Resources */,
			);
			buildRules = (
			);
			dependencies = (
				7CA62882273A0B3600D53F7F /* PBXTargetDependency */,
			);
			name = 3AbstractFactoryUITests;
			productName = 3AbstractFactoryUITests;
			productReference = 7CA62880273A0B3600D53F7F /* 3AbstractFactoryUITests.xctest */;
			productType = "com.apple.product-type.bundle.ui-testing";
		};
/* End PBXNativeTarget section */

/* Begin PBXProject section */
		7CA62858273A0B3500D53F7F /* Project object */ = {
			isa = PBXProject;
			attributes = {
				BuildIndependentTargetsInParallel = 1;
				LastSwiftUpdateCheck = 1300;
				LastUpgradeCheck = 1300;
				TargetAttributes = {
					7CA6285F273A0B3500D53F7F = {
						CreatedOnToolsVersion = 13.0;
					};
					7CA62875273A0B3600D53F7F = {
						CreatedOnToolsVersion = 13.0;
						TestTargetID = 7CA6285F273A0B3500D53F7F;
					};
					7CA6287F273A0B3600D53F7F = {
						CreatedOnToolsVersion = 13.0;
						TestTargetID = 7CA6285F273A0B3500D53F7F;
					};
				};
			};
			buildConfigurationList = 7CA6285B273A0B3500D53F7F /* Build configuration list for PBXProject "3AbstractFactory" */;
			compatibilityVersion = "Xcode 13.0";
			developmentRegion = en;
			hasScannedForEncodings = 0;
			knownRegions = (
				en,
				Base,
			);
			mainGroup = 7CA62857273A0B3500D53F7F;
			productRefGroup = 7CA62861273A0B3500D53F7F /* Products */;
			projectDirPath = "";
			projectRoot = "";
			targets = (
				7CA6285F273A0B3500D53F7F /* 3AbstractFactory */,
				7CA62875273A0B3600D53F7F /* 3AbstractFactoryTests */,
				7CA6287F273A0B3600D53F7F /* 3AbstractFactoryUITests */,
			);
		};
/* End PBXProject section */

/* Begin PBXResourcesBuildPhase section */
		7CA6285E273A0B3500D53F7F /* Resources */ = {
			isa = PBXResourcesBuildPhase;
			buildActionMask = 2147483647;
			files = (
				7CA62870273A0B3600D53F7F /* LaunchScreen.storyboard in Resources */,
				7CA6286D273A0B3600D53F7F /* Assets.xcassets in Resources */,
				7CA6286B273A0B3500D53F7F /* Main.storyboard in Resources */,
			);
			runOnlyForDeploymentPostprocessing = 0;
		};
		7CA62874273A0B3600D53F7F /* Resources */ = {
			isa = PBXResourcesBuildPhase;
			buildActionMask = 2147483647;
			files = (
			);
			runOnlyForDeploymentPostprocessing = 0;
		};
		7CA6287E273A0B3600D53F7F /* Resources */ = {
			isa = PBXResourcesBuildPhase;
			buildActionMask = 2147483647;
			files = (
			);
			runOnlyForDeploymentPostprocessing = 0;
		};
/* End PBXResourcesBuildPhase section */

/* Begin PBXSourcesBuildPhase section */
		7CA6285C273A0B3500D53F7F /* Sources */ = {
			isa = PBXSourcesBuildPhase;
			buildActionMask = 2147483647;
			files = (
				7CF17C02273A0D16002F16B3 /* AbstractFactory.swift in Sources */,
				7CA62868273A0B3500D53F7F /* ViewController.swift in Sources */,
				7CA62864273A0B3500D53F7F /* AppDelegate.swift in Sources */,
				7CF17C04273A14F9002F16B3 /* AbstractFacotoryExample.swift in Sources */,
				7CA62866273A0B3500D53F7F /* SceneDelegate.swift in Sources */,
			);
			runOnlyForDeploymentPostprocessing = 0;
		};
		7CA62872273A0B3600D53F7F /* Sources */ = {
			isa = PBXSourcesBuildPhase;
			buildActionMask = 2147483647;
			files = (
				7CA6287B273A0B3600D53F7F /* _AbstractFactoryTests.swift in Sources */,
			);
			runOnlyForDeploymentPostprocessing = 0;
		};
		7CA6287C273A0B3600D53F7F /* Sources */ = {
			isa = PBXSourcesBuildPhase;
			buildActionMask = 2147483647;
			files = (
				7CA62885273A0B3600D53F7F /* _AbstractFactoryUITests.swift in Sources */,
				7CA62887273A0B3600D53F7F /* _AbstractFactoryUITestsLaunchTests.swift in Sources */,
			);
			runOnlyForDeploymentPostprocessing = 0;
		};
/* End PBXSourcesBuildPhase section */

/* Begin PBXTargetDependency section */
		7CA62878273A0B3600D53F7F /* PBXTargetDependency */ = {
			isa = PBXTargetDependency;
			target = 7CA6285F273A0B3500D53F7F /* 3AbstractFactory */;
			targetProxy = 7CA62877273A0B3600D53F7F /* PBXContainerItemProxy */;
		};
		7CA62882273A0B3600D53F7F /* PBXTargetDependency */ = {
			isa = PBXTargetDependency;
			target = 7CA6285F273A0B3500D53F7F /* 3AbstractFactory */;
			targetProxy = 7CA62881273A0B3600D53F7F /* PBXContainerItemProxy */;
		};
/* End PBXTargetDependency section */

/* Begin PBXVariantGroup section */
		7CA62869273A0B3500D53F7F /* Main.storyboard */ = {
			isa = PBXVariantGroup;
			children = (
				7CA6286A273A0B3500D53F7F /* Base */,
			);
			name = Main.storyboard;
			sourceTree = "<group>";
		};
		7CA6286E273A0B3600D53F7F /* LaunchScreen.storyboard */ = {
			isa = PBXVariantGroup;
			children = (
				7CA6286F273A0B3600D53F7F /* Base */,
			);
			name = LaunchScreen.storyboard;
			sourceTree = "<group>";
		};
/* End PBXVariantGroup section */

/* Begin XCBuildConfiguration section */
		7CA62888273A0B3600D53F7F /* Debug */ = {
			isa = XCBuildConfiguration;
			buildSettings = {
				ALWAYS_SEARCH_USER_PATHS = NO;
				CLANG_ANALYZER_NONNULL = YES;
				CLANG_ANALYZER_NUMBER_OBJECT_CONVERSION = YES_AGGRESSIVE;
				CLANG_CXX_LANGUAGE_STANDARD = "gnu++17";
				CLANG_CXX_LIBRARY = "libc++";
				CLANG_ENABLE_MODULES = YES;
				CLANG_ENABLE_OBJC_ARC = YES;
				CLANG_ENABLE_OBJC_WEAK = YES;
				CLANG_WARN_BLOCK_CAPTURE_AUTORELEASING = YES;
				CLANG_WARN_BOOL_CONVERSION = YES;
				CLANG_WARN_COMMA = YES;
				CLANG_WARN_CONSTANT_CONVERSION = YES;
				CLANG_WARN_DEPRECATED_OBJC_IMPLEMENTATIONS = YES;
				CLANG_WARN_DIRECT_OBJC_ISA_USAGE = YES_ERROR;
				CLANG_WARN_DOCUMENTATION_COMMENTS = YES;
				CLANG_WARN_EMPTY_BODY = YES;
				CLANG_WARN_ENUM_CONVERSION = YES;
				CLANG_WARN_INFINITE_RECURSION = YES;
				CLANG_WARN_INT_CONVERSION = YES;
				CLANG_WARN_NON_LITERAL_NULL_CONVERSION = YES;
				CLANG_WARN_OBJC_IMPLICIT_RETAIN_SELF = YES;
				CLANG_WARN_OBJC_LITERAL_CONVERSION = YES;
				CLANG_WARN_OBJC_ROOT_CLASS = YES_ERROR;
				CLANG_WARN_QUOTED_INCLUDE_IN_FRAMEWORK_HEADER = YES;
				CLANG_WARN_RANGE_LOOP_ANALYSIS = YES;
				CLANG_WARN_STRICT_PROTOTYPES = YES;
				CLANG_WARN_SUSPICIOUS_MOVE = YES;
				CLANG_WARN_UNGUARDED_AVAILABILITY = YES_AGGRESSIVE;
				CLANG_WARN_UNREACHABLE_CODE = YES;
				CLANG_WARN__DUPLICATE_METHOD_MATCH = YES;
				COPY_PHASE_STRIP = NO;
				DEBUG_INFORMATION_FORMAT = dwarf;
				ENABLE_STRICT_OBJC_MSGSEND = YES;
				ENABLE_TESTABILITY = YES;
				GCC_C_LANGUAGE_STANDARD = gnu11;
				GCC_DYNAMIC_NO_PIC = NO;
				GCC_NO_COMMON_BLOCKS = YES;
				GCC_OPTIMIZATION_LEVEL = 0;
				GCC_PREPROCESSOR_DEFINITIONS = (
					"DEBUG=1",
					"$(inherited)",
				);
				GCC_WARN_64_TO_32_BIT_CONVERSION = YES;
				GCC_WARN_ABOUT_RETURN_TYPE = YES_ERROR;
				GCC_WARN_UNDECLARED_SELECTOR = YES;
				GCC_WARN_UNINITIALIZED_AUTOS = YES_AGGRESSIVE;
				GCC_WARN_UNUSED_FUNCTION = YES;
				GCC_WARN_UNUSED_VARIABLE = YES;
				IPHONEOS_DEPLOYMENT_TARGET = 15.0;
				MTL_ENABLE_DEBUG_INFO = INCLUDE_SOURCE;
				MTL_FAST_MATH = YES;
				ONLY_ACTIVE_ARCH = YES;
				SDKROOT = iphoneos;
				SWIFT_ACTIVE_COMPILATION_CONDITIONS = DEBUG;
				SWIFT_OPTIMIZATION_LEVEL = "-Onone";
			};
			name = Debug;
		};
		7CA62889273A0B3600D53F7F /* Release */ = {
			isa = XCBuildConfiguration;
			buildSettings = {
				ALWAYS_SEARCH_USER_PATHS = NO;
				CLANG_ANALYZER_NONNULL = YES;
				CLANG_ANALYZER_NUMBER_OBJECT_CONVERSION = YES_AGGRESSIVE;
				CLANG_CXX_LANGUAGE_STANDARD = "gnu++17";
				CLANG_CXX_LIBRARY = "libc++";
				CLANG_ENABLE_MODULES = YES;
				CLANG_ENABLE_OBJC_ARC = YES;
				CLANG_ENABLE_OBJC_WEAK = YES;
				CLANG_WARN_BLOCK_CAPTURE_AUTORELEASING = YES;
				CLANG_WARN_BOOL_CONVERSION = YES;
				CLANG_WARN_COMMA = YES;
				CLANG_WARN_CONSTANT_CONVERSION = YES;
				CLANG_WARN_DEPRECATED_OBJC_IMPLEMENTATIONS = YES;
				CLANG_WARN_DIRECT_OBJC_ISA_USAGE = YES_ERROR;
				CLANG_WARN_DOCUMENTATION_COMMENTS = YES;
				CLANG_WARN_EMPTY_BODY = YES;
				CLANG_WARN_ENUM_CONVERSION = YES;
				CLANG_WARN_INFINITE_RECURSION = YES;
				CLANG_WARN_INT_CONVERSION = YES;
				CLANG_WARN_NON_LITERAL_NULL_CONVERSION = YES;
				CLANG_WARN_OBJC_IMPLICIT_RETAIN_SELF = YES;
				CLANG_WARN_OBJC_LITERAL_CONVERSION = YES;
				CLANG_WARN_OBJC_ROOT_CLASS = YES_ERROR;
				CLANG_WARN_QUOTED_INCLUDE_IN_FRAMEWORK_HEADER = YES;
				CLANG_WARN_RANGE_LOOP_ANALYSIS = YES;
				CLANG_WARN_STRICT_PROTOTYPES = YES;
				CLANG_WARN_SUSPICIOUS_MOVE = YES;
				CLANG_WARN_UNGUARDED_AVAILABILITY = YES_AGGRESSIVE;
				CLANG_WARN_UNREACHABLE_CODE = YES;
				CLANG_WARN__DUPLICATE_METHOD_MATCH = YES;
				COPY_PHASE_STRIP = NO;
				DEBUG_INFORMATION_FORMAT = "dwarf-with-dsym";
				ENABLE_NS_ASSERTIONS = NO;
				ENABLE_STRICT_OBJC_MSGSEND = YES;
				GCC_C_LANGUAGE_STANDARD = gnu11;
				GCC_NO_COMMON_BLOCKS = YES;
				GCC_WARN_64_TO_32_BIT_CONVERSION = YES;
				GCC_WARN_ABOUT_RETURN_TYPE = YES_ERROR;
				GCC_WARN_UNDECLARED_SELECTOR = YES;
				GCC_WARN_UNINITIALIZED_AUTOS = YES_AGGRESSIVE;
				GCC_WARN_UNUSED_FUNCTION = YES;
				GCC_WARN_UNUSED_VARIABLE = YES;
				IPHONEOS_DEPLOYMENT_TARGET = 15.0;
				MTL_ENABLE_DEBUG_INFO = NO;
				MTL_FAST_MATH = YES;
				SDKROOT = iphoneos;
				SWIFT_COMPILATION_MODE = wholemodule;
				SWIFT_OPTIMIZATION_LEVEL = "-O";
				VALIDATE_PRODUCT = YES;
			};
			name = Release;
		};
		7CA6288B273A0B3600D53F7F /* Debug */ = {
			isa = XCBuildConfiguration;
			buildSettings = {
				ASSETCATALOG_COMPILER_APPICON_NAME = AppIcon;
				ASSETCATALOG_COMPILER_GLOBAL_ACCENT_COLOR_NAME = AccentColor;
				CODE_SIGN_STYLE = Automatic;
				CURRENT_PROJECT_VERSION = 1;
				GENERATE_INFOPLIST_FILE = YES;
				INFOPLIST_FILE = 3AbstractFactory/Info.plist;
				INFOPLIST_KEY_UIApplicationSupportsIndirectInputEvents = YES;
				INFOPLIST_KEY_UILaunchStoryboardName = LaunchScreen;
				INFOPLIST_KEY_UIMainStoryboardFile = Main;
				INFOPLIST_KEY_UISupportedInterfaceOrientations_iPad = "UIInterfaceOrientationPortrait UIInterfaceOrientationPortraitUpsideDown UIInterfaceOrientationLandscapeLeft UIInterfaceOrientationLandscapeRight";
				INFOPLIST_KEY_UISupportedInterfaceOrientations_iPhone = "UIInterfaceOrientationPortrait UIInterfaceOrientationLandscapeLeft UIInterfaceOrientationLandscapeRight";
				LD_RUNPATH_SEARCH_PATHS = (
					"$(inherited)",
					"@executable_path/Frameworks",
				);
				MARKETING_VERSION = 1.0;
				PRODUCT_BUNDLE_IDENTIFIER = "chenbing.-AbstractFactory";
				PRODUCT_NAME = "$(TARGET_NAME)";
				SWIFT_EMIT_LOC_STRINGS = YES;
				SWIFT_VERSION = 5.0;
				TARGETED_DEVICE_FAMILY = "1,2";
			};
			name = Debug;
		};
		7CA6288C273A0B3600D53F7F /* Release */ = {
			isa = XCBuildConfiguration;
			buildSettings = {
				ASSETCATALOG_COMPILER_APPICON_NAME = AppIcon;
				ASSETCATALOG_COMPILER_GLOBAL_ACCENT_COLOR_NAME = AccentColor;
				CODE_SIGN_STYLE = Automatic;
				CURRENT_PROJECT_VERSION = 1;
				GENERATE_INFOPLIST_FILE = YES;
				INFOPLIST_FILE = 3AbstractFactory/Info.plist;
				INFOPLIST_KEY_UIApplicationSupportsIndirectInputEvents = YES;
				INFOPLIST_KEY_UILaunchStoryboardName = LaunchScreen;
				INFOPLIST_KEY_UIMainStoryboardFile = Main;
				INFOPLIST_KEY_UISupportedInterfaceOrientations_iPad = "UIInterfaceOrientationPortrait UIInterfaceOrientationPortraitUpsideDown UIInterfaceOrientationLandscapeLeft UIInterfaceOrientationLandscapeRight";
				INFOPLIST_KEY_UISupportedInterfaceOrientations_iPhone = "UIInterfaceOrientationPortrait UIInterfaceOrientationLandscapeLeft UIInterfaceOrientationLandscapeRight";
				LD_RUNPATH_SEARCH_PATHS = (
					"$(inherited)",
					"@executable_path/Frameworks",
				);
				MARKETING_VERSION = 1.0;
				PRODUCT_BUNDLE_IDENTIFIER = "chenbing.-AbstractFactory";
				PRODUCT_NAME = "$(TARGET_NAME)";
				SWIFT_EMIT_LOC_STRINGS = YES;
				SWIFT_VERSION = 5.0;
				TARGETED_DEVICE_FAMILY = "1,2";
			};
			name = Release;
		};
		7CA6288E273A0B3600D53F7F /* Debug */ = {
			isa = XCBuildConfiguration;
			buildSettings = {
				ALWAYS_EMBED_SWIFT_STANDARD_LIBRARIES = YES;
				BUNDLE_LOADER = "$(TEST_HOST)";
				CODE_SIGN_STYLE = Automatic;
				CURRENT_PROJECT_VERSION = 1;
				GENERATE_INFOPLIST_FILE = YES;
				IPHONEOS_DEPLOYMENT_TARGET = 15.0;
				LD_RUNPATH_SEARCH_PATHS = (
					"$(inherited)",
					"@executable_path/Frameworks",
					"@loader_path/Frameworks",
				);
				MARKETING_VERSION = 1.0;
				PRODUCT_BUNDLE_IDENTIFIER = "chenbing.-AbstractFactoryTests";
				PRODUCT_NAME = "$(TARGET_NAME)";
				SWIFT_EMIT_LOC_STRINGS = NO;
				SWIFT_VERSION = 5.0;
				TARGETED_DEVICE_FAMILY = "1,2";
				TEST_HOST = "$(BUILT_PRODUCTS_DIR)/3AbstractFactory.app/3AbstractFactory";
			};
			name = Debug;
		};
		7CA6288F273A0B3600D53F7F /* Release */ = {
			isa = XCBuildConfiguration;
			buildSettings = {
				ALWAYS_EMBED_SWIFT_STANDARD_LIBRARIES = YES;
				BUNDLE_LOADER = "$(TEST_HOST)";
				CODE_SIGN_STYLE = Automatic;
				CURRENT_PROJECT_VERSION = 1;
				GENERATE_INFOPLIST_FILE = YES;
				IPHONEOS_DEPLOYMENT_TARGET = 15.0;
				LD_RUNPATH_SEARCH_PATHS = (
					"$(inherited)",
					"@executable_path/Frameworks",
					"@loader_path/Frameworks",
				);
				MARKETING_VERSION = 1.0;
				PRODUCT_BUNDLE_IDENTIFIER = "chenbing.-AbstractFactoryTests";
				PRODUCT_NAME = "$(TARGET_NAME)";
				SWIFT_EMIT_LOC_STRINGS = NO;
				SWIFT_VERSION = 5.0;
				TARGETED_DEVICE_FAMILY = "1,2";
				TEST_HOST = "$(BUILT_PRODUCTS_DIR)/3AbstractFactory.app/3AbstractFactory";
			};
			name = Release;
		};
		7CA62891273A0B3600D53F7F /* Debug */ = {
			isa = XCBuildConfiguration;
			buildSettings = {
				ALWAYS_EMBED_SWIFT_STANDARD_LIBRARIES = YES;
				CODE_SIGN_STYLE = Automatic;
				CURRENT_PROJECT_VERSION = 1;
				GENERATE_INFOPLIST_FILE = YES;
				LD_RUNPATH_SEARCH_PATHS = (
					"$(inherited)",
					"@executable_path/Frameworks",
					"@loader_path/Frameworks",
				);
				MARKETING_VERSION = 1.0;
				PRODUCT_BUNDLE_IDENTIFIER = "chenbing.-AbstractFactoryUITests";
				PRODUCT_NAME = "$(TARGET_NAME)";
				SWIFT_EMIT_LOC_STRINGS = NO;
				SWIFT_VERSION = 5.0;
				TARGETED_DEVICE_FAMILY = "1,2";
				TEST_TARGET_NAME = 3AbstractFactory;
			};
			name = Debug;
		};
		7CA62892273A0B3600D53F7F /* Release */ = {
			isa = XCBuildConfiguration;
			buildSettings = {
				ALWAYS_EMBED_SWIFT_STANDARD_LIBRARIES = YES;
				CODE_SIGN_STYLE = Automatic;
				CURRENT_PROJECT_VERSION = 1;
				GENERATE_INFOPLIST_FILE = YES;
				LD_RUNPATH_SEARCH_PATHS = (
					"$(inherited)",
					"@executable_path/Frameworks",
					"@loader_path/Frameworks",
				);
				MARKETING_VERSION = 1.0;
				PRODUCT_BUNDLE_IDENTIFIER = "chenbing.-AbstractFactoryUITests";
				PRODUCT_NAME = "$(TARGET_NAME)";
				SWIFT_EMIT_LOC_STRINGS = NO;
				SWIFT_VERSION = 5.0;
				TARGETED_DEVICE_FAMILY = "1,2";
				TEST_TARGET_NAME = 3AbstractFactory;
			};
			name = Release;
		};
/* End XCBuildConfiguration section */

/* Begin XCConfigurationList section */
		7CA6285B273A0B3500D53F7F /* Build configuration list for PBXProject "3AbstractFactory" */ = {
			isa = XCConfigurationList;
			buildConfigurations = (
				7CA62888273A0B3600D53F7F /* Debug */,
				7CA62889273A0B3600D53F7F /* Release */,
			);
			defaultConfigurationIsVisible = 0;
			defaultConfigurationName = Release;
		};
		7CA6288A273A0B3600D53F7F /* Build configuration list for PBXNativeTarget "3AbstractFactory" */ = {
			isa = XCConfigurationList;
			buildConfigurations = (
				7CA6288B273A0B3600D53F7F /* Debug */,
				7CA6288C273A0B3600D53F7F /* Release */,
			);
			defaultConfigurationIsVisible = 0;
			defaultConfigurationName = Release;
		};
		7CA6288D273A0B3600D53F7F /* Build configuration list for PBXNativeTarget "3AbstractFactoryTests" */ = {
			isa = XCConfigurationList;
			buildConfigurations = (
				7CA6288E273A0B3600D53F7F /* Debug */,
				7CA6288F273A0B3600D53F7F /* Release */,
			);
			defaultConfigurationIsVisible = 0;
			defaultConfigurationName = Release;
		};
		7CA62890273A0B3600D53F7F /* Build configuration list for PBXNativeTarget "3AbstractFactoryUITests" */ = {
			isa = XCConfigurationList;
			buildConfigurations = (
				7CA62891273A0B3600D53F7F /* Debug */,
				7CA62892273A0B3600D53F7F /* Release */,
			);
			defaultConfigurationIsVisible = 0;
			defaultConfigurationName = Release;
		};
/* End XCConfigurationList section */
	};
	rootObject = 7CA62858273A0B3500D53F7F /* Project object */;
}
